
Microsoft Visual Studio Solution File, Format Version 12.00
Project("{FAE04EC0-301F-11D3-BF4B-00C04F79EFBC}") = "Homework", "Homework\Homework.csproj", "{BD47D30B-44E6-421B-B654-BF75995641D1}"
EndProject
Project("{FAE04EC0-301F-11D3-BF4B-00C04F79EFBC}") = "ClassLibrary", "ClassLibrary\ClassLibrary.csproj", "{21262C02-18F6-4E59-88B6-007430D17AD1}"
EndProject
Global
	GlobalSection(SolutionConfigurationPlatforms) = preSolution
		Debug|Any CPU = Debug|Any CPU
		Release|Any CPU = Release|Any CPU
	EndGlobalSection
	GlobalSection(ProjectConfigurationPlatforms) = postSolution
		{BD47D30B-44E6-421B-B654-BF75995641D1}.Debug|Any CPU.ActiveCfg = Debug|Any CPU
		{BD47D30B-44E6-421B-B654-BF75995641D1}.Debug|Any CPU.Build.0 = Debug|Any CPU
		{BD47D30B-44E6-421B-B654-BF75995641D1}.Release|Any CPU.ActiveCfg = Release|Any CPU
		{BD47D30B-44E6-421B-B654-BF75995641D1}.Release|Any CPU.Build.0 = Release|Any CPU
		{21262C02-18F6-4E59-88B6-007430D17AD1}.Debug|Any CPU.ActiveCfg = Debug|Any CPU
		{21262C02-18F6-4E59-88B6-007430D17AD1}.Debug|Any CPU.Build.0 = Debug|Any CPU
		{21262C02-18F6-4E59-88B6-007430D17AD1}.Release|Any CPU.ActiveCfg = Release|Any CPU
		{21262C02-18F6-4E59-88B6-007430D17AD1}.Release|Any CPU.Build.0 = Release|Any CPU
	EndGlobalSection
EndGlobal
